
Microsoft Visual Studio Solution File, Format Version 12.00
# Visual Studio Version 16
VisualStudioVersion = 16.0.32126.315
MinimumVisualStudioVersion = 10.0.40219.1
Project("{FAE04EC0-301F-11D3-BF4B-00C04F79EFBC}") = "LinkedList", "LinkedList\LinkedList.csproj", "{17702C3E-744D-4F1B-9B61-ACA6FBB2E392}"
EndProject
Global
	GlobalSection(SolutionConfigurationPlatforms) = preSolution
		Debug|Any CPU = Debug|Any CPU
		Release|Any CPU = Release|Any CPU
	EndGlobalSection
	GlobalSection(ProjectConfigurationPlatforms) = postSolution
		{17702C3E-744D-4F1B-9B61-ACA6FBB2E392}.Debug|Any CPU.ActiveCfg = Debug|Any CPU
		{17702C3E-744D-4F1B-9B61-ACA6FBB2E392}.Debug|Any CPU.Build.0 = Debug|Any CPU
		{17702C3E-744D-4F1B-9B61-ACA6FBB2E392}.Release|Any CPU.ActiveCfg = Release|Any CPU
		{17702C3E-744D-4F1B-9B61-ACA6FBB2E392}.Release|Any CPU.Build.0 = Release|Any CPU
	EndGlobalSection
	GlobalSection(SolutionProperties) = preSolution
		HideSolutionNode = FALSE
	EndGlobalSection
	GlobalSection(ExtensibilityGlobals) = postSolution
		SolutionGuid = {CE0388B1-9A3B-45DE-B768-155798962D37}
	EndGlobalSection
EndGlobal
